
Microsoft Visual Studio Solution File, Format Version 12.00
# Visual Studio Version 17
VisualStudioVersion = 17.9.34714.143
MinimumVisualStudioVersion = 10.0.40219.1
Project("{FAE04EC0-301F-11D3-BF4B-00C04F79EFBC}") = "WorkFlowSystem", "WorkFlowSystem\WorkFlowSystem.csproj", "{2830DA09-A6E9-4B4D-8B23-765945664139}"
EndProject
Global
	GlobalSection(SolutionConfigurationPlatforms) = preSolution
		Debug|Any CPU = Debug|Any CPU
		Release|Any CPU = Release|Any CPU
	EndGlobalSection
	GlobalSection(ProjectConfigurationPlatforms) = postSolution
		{2830DA09-A6E9-4B4D-8B23-765945664139}.Debug|Any CPU.ActiveCfg = Debug|Any CPU
		{2830DA09-A6E9-4B4D-8B23-765945664139}.Debug|Any CPU.Build.0 = Debug|Any CPU
		{2830DA09-A6E9-4B4D-8B23-765945664139}.Release|Any CPU.ActiveCfg = Release|Any CPU
		{2830DA09-A6E9-4B4D-8B23-765945664139}.Release|Any CPU.Build.0 = Release|Any CPU
	EndGlobalSection
	GlobalSection(SolutionProperties) = preSolution
		HideSolutionNode = FALSE
	EndGlobalSection
	GlobalSection(ExtensibilityGlobals) = postSolution
		SolutionGuid = {AFCAD86D-A5EA-4B89-9D14-54AB578CC329}
	EndGlobalSection
EndGlobal
